
Microsoft Visual Studio Solution File, Format Version 12.00
# Visual Studio 15
VisualStudioVersion = 15.0.28307.489
MinimumVisualStudioVersion = 10.0.40219.1
Project("{FAE04EC0-301F-11D3-BF4B-00C04F79EFBC}") = "WpfWindowBuildPractice", "WpfWindowBuildPractice\WpfWindowBuildPractice.csproj", "{C88E5A3D-9284-4818-995B-C2B9562A8644}"
EndProject
Global
	GlobalSection(SolutionConfigurationPlatforms) = preSolution
		Debug|Any CPU = Debug|Any CPU
		Release|Any CPU = Release|Any CPU
	EndGlobalSection
	GlobalSection(ProjectConfigurationPlatforms) = postSolution
		{C88E5A3D-9284-4818-995B-C2B9562A8644}.Debug|Any CPU.ActiveCfg = Debug|Any CPU
		{C88E5A3D-9284-4818-995B-C2B9562A8644}.Debug|Any CPU.Build.0 = Debug|Any CPU
		{C88E5A3D-9284-4818-995B-C2B9562A8644}.Release|Any CPU.ActiveCfg = Release|Any CPU
		{C88E5A3D-9284-4818-995B-C2B9562A8644}.Release|Any CPU.Build.0 = Release|Any CPU
	EndGlobalSection
	GlobalSection(SolutionProperties) = preSolution
		HideSolutionNode = FALSE
	EndGlobalSection
	GlobalSection(ExtensibilityGlobals) = postSolution
		SolutionGuid = {3E90938D-360A-4916-8DEF-3D606C3B8960}
	EndGlobalSection
EndGlobal
